{
  "requires": true,
  "lockfileVersion": 1,
  "dependencies": {
    "@types/geojson": {
      "version": "7946.0.8",
      "resolved": "https://registry.npmjs.org/@types/geojson/-/geojson-7946.0.8.tgz",
      "integrity": "sha512-1rkryxURpr6aWP7R786/UQOkJ3PcpQiWkAXBmdWc7ryFWqN6a4xfK7BtjXvFBKO9LjQ+MWQSWxYeZX1OApnArA==",
      "dev": true
    },
    "@types/leaflet": {
      "version": "0.7.35",
      "resolved": "https://registry.npmjs.org/@types/leaflet/-/leaflet-0.7.35.tgz",
      "integrity": "sha512-BK+pa9a9dYC1qJyYQulqkRI9N+ZnV4ycAmNSOUmom7C6xaAdmrhOoiCiDMhSQklyjPpasy3KWRTkTRTJuDbBSw==",
      "dev": true,
      "requires": {
        "@types/geojson": "*"
      }
    },
    "@types/mapbox": {
      "version": "1.6.42",
      "resolved": "https://registry.npmjs.org/@types/mapbox/-/mapbox-1.6.42.tgz",
      "integrity": "sha512-mQlrYBOwqz/kGG8P5KOTXLRMlZFLNFDdxzNaEukig3Uh9I2ukk6LXg5yaCUS8bk3/3ie6o3h/ZKAaXuwTljpdw==",
      "dev": true,
      "requires": {
        "@types/leaflet": "^0"
      }
    }
  }
}
